
Microsoft Visual Studio Solution File, Format Version 12.00
# Visual Studio 15
VisualStudioVersion = 15.0.28307.421
MinimumVisualStudioVersion = 10.0.40219.1
Project("{FAE04EC0-301F-11D3-BF4B-00C04F79EFBC}") = "HealthyHearts", "HealthyHearts\HealthyHearts.csproj", "{A29EF63F-C2D0-484F-8BAF-32512F69BD93}"
EndProject
Global
	GlobalSection(SolutionConfigurationPlatforms) = preSolution
		Debug|Any CPU = Debug|Any CPU
		Release|Any CPU = Release|Any CPU
	EndGlobalSection
	GlobalSection(ProjectConfigurationPlatforms) = postSolution
		{A29EF63F-C2D0-484F-8BAF-32512F69BD93}.Debug|Any CPU.ActiveCfg = Debug|Any CPU
		{A29EF63F-C2D0-484F-8BAF-32512F69BD93}.Debug|Any CPU.Build.0 = Debug|Any CPU
		{A29EF63F-C2D0-484F-8BAF-32512F69BD93}.Release|Any CPU.ActiveCfg = Release|Any CPU
		{A29EF63F-C2D0-484F-8BAF-32512F69BD93}.Release|Any CPU.Build.0 = Release|Any CPU
	EndGlobalSection
	GlobalSection(SolutionProperties) = preSolution
		HideSolutionNode = FALSE
	EndGlobalSection
	GlobalSection(ExtensibilityGlobals) = postSolution
		SolutionGuid = {D186AB78-AC12-4CEC-A217-8DC8AD3CC75F}
	EndGlobalSection
EndGlobal
